
Microsoft Visual Studio Solution File, Format Version 12.00
# Visual Studio 2017
Project("{FAE04EC0-301F-11D3-BF4B-00C04F79EFBC}") = "Example 2(Illumiball)", "Example 2(Illumiball).csproj", "{426B7F1B-33A7-0C87-FABA-0AABE355B531}"
EndProject
Global
	GlobalSection(SolutionConfigurationPlatforms) = preSolution
		Debug|Any CPU = Debug|Any CPU
		Release|Any CPU = Release|Any CPU
	EndGlobalSection
	GlobalSection(ProjectConfigurationPlatforms) = postSolution
		{426B7F1B-33A7-0C87-FABA-0AABE355B531}.Debug|Any CPU.ActiveCfg = Debug|Any CPU
		{426B7F1B-33A7-0C87-FABA-0AABE355B531}.Debug|Any CPU.Build.0 = Debug|Any CPU
		{426B7F1B-33A7-0C87-FABA-0AABE355B531}.Release|Any CPU.ActiveCfg = Release|Any CPU
		{426B7F1B-33A7-0C87-FABA-0AABE355B531}.Release|Any CPU.Build.0 = Release|Any CPU
	EndGlobalSection
	GlobalSection(SolutionProperties) = preSolution
		HideSolutionNode = FALSE
	EndGlobalSection
EndGlobal
